
Microsoft Visual Studio Solution File, Format Version 12.00
# Visual Studio 2012
Project("{8BC9CEB8-8B4A-11D0-8D11-00A0C91BC942}") = "RiftDotNet.Win32", "RiftDotNet.Win32\RiftDotNet.Win32.vcxproj", "{4AC4FAB6-4848-4649-8AC8-30F952E839D0}"
	ProjectSection(ProjectDependencies) = postProject
		{B0679E04-AE88-4509-8FAF-14F4C773EF87} = {B0679E04-AE88-4509-8FAF-14F4C773EF87}
	EndProjectSection
EndProject
Project("{8BC9CEB8-8B4A-11D0-8D11-00A0C91BC942}") = "RiftDotNet.x64", "RiftDotNet.x64\RiftDotNet.x64.vcxproj", "{5BBD8B72-83F5-4F33-A6E4-868C67D0C436}"
	ProjectSection(ProjectDependencies) = postProject
		{934B40C7-F40A-4E4C-97A7-B9659BE0A441} = {934B40C7-F40A-4E4C-97A7-B9659BE0A441}
	EndProjectSection
EndProject
Project("{2150E333-8FDC-42A3-9474-1A3956D46DE8}") = "Platform", "Platform", "{A74A6EF8-C5DD-477D-91AC-1A07AAB13D9E}"
EndProject
Project("{8BC9CEB8-8B4A-11D0-8D11-00A0C91BC942}") = "LibOVR.x64", "..\..\OculusSDK\LibOVR\Projects\Win32\LibOVR_Msvc2010.vcxproj", "{934B40C7-F40A-4E4C-97A7-B9659BE0A441}"
EndProject
Project("{2150E333-8FDC-42A3-9474-1A3956D46DE8}") = "Native", "Native", "{9D974AAC-7D1A-4FB4-8408-F594A3F4118B}"
EndProject
Project("{8BC9CEB8-8B4A-11D0-8D11-00A0C91BC942}") = "LibOVR.Win32", "..\..\OculusSDK\LibOVR\Projects\Win32\LibOVR_Msvc2010 - x64.vcxproj", "{B0679E04-AE88-4509-8FAF-14F4C773EF87}"
EndProject
Project("{2150E333-8FDC-42A3-9474-1A3956D46DE8}") = "Interface", "Interface", "{A88333AB-F3A1-4634-BB07-C371B2C622B7}"
EndProject
Project("{FAE04EC0-301F-11D3-BF4B-00C04F79EFBC}") = "RiftDotNet.Interface", "RiftDotNet.Interface\RiftDotNet.Interface.csproj", "{C744B0C9-D3D7-482E-B75F-15479A24EC16}"
EndProject
Project("{FAE04EC0-301F-11D3-BF4B-00C04F79EFBC}") = "RiftDotNet", "RiftDotNet\RiftDotNet.csproj", "{5E2E5B01-0B84-48E6-915E-F3D9EC5AD75D}"
EndProject
Project("{FAE04EC0-301F-11D3-BF4B-00C04F79EFBC}") = "Sample", "Sample\Sample.csproj", "{4EAA2211-108C-4021-AB6E-D7031C733DBE}"
EndProject
Project("{FAE04EC0-301F-11D3-BF4B-00C04F79EFBC}") = "RiftDotNet.Test", "RiftDotNet.Test\RiftDotNet.Test.csproj", "{1D49FA85-A793-4CAE-8897-3DE53D48C1BC}"
EndProject
Global
	GlobalSection(SolutionConfigurationPlatforms) = preSolution
		Debug|Any CPU = Debug|Any CPU
		Debug|Mixed Platforms = Debug|Mixed Platforms
		Debug|Win32 = Debug|Win32
		Debug|x64 = Debug|x64
		Release|Any CPU = Release|Any CPU
		Release|Mixed Platforms = Release|Mixed Platforms
		Release|Win32 = Release|Win32
		Release|x64 = Release|x64
	EndGlobalSection
	GlobalSection(ProjectConfigurationPlatforms) = postSolution
		{4AC4FAB6-4848-4649-8AC8-30F952E839D0}.Debug|Any CPU.ActiveCfg = Debug|Win32
		{4AC4FAB6-4848-4649-8AC8-30F952E839D0}.Debug|Mixed Platforms.ActiveCfg = Debug|Win32
		{4AC4FAB6-4848-4649-8AC8-30F952E839D0}.Debug|Mixed Platforms.Build.0 = Debug|Win32
		{4AC4FAB6-4848-4649-8AC8-30F952E839D0}.Debug|Win32.ActiveCfg = Debug|Win32
		{4AC4FAB6-4848-4649-8AC8-30F952E839D0}.Debug|Win32.Build.0 = Debug|Win32
		{4AC4FAB6-4848-4649-8AC8-30F952E839D0}.Debug|x64.ActiveCfg = Debug|Win32
		{4AC4FAB6-4848-4649-8AC8-30F952E839D0}.Release|Any CPU.ActiveCfg = Release|Win32
		{4AC4FAB6-4848-4649-8AC8-30F952E839D0}.Release|Mixed Platforms.ActiveCfg = Release|Win32
		{4AC4FAB6-4848-4649-8AC8-30F952E839D0}.Release|Mixed Platforms.Build.0 = Release|Win32
		{4AC4FAB6-4848-4649-8AC8-30F952E839D0}.Release|Win32.ActiveCfg = Release|Win32
		{4AC4FAB6-4848-4649-8AC8-30F952E839D0}.Release|Win32.Build.0 = Release|Win32
		{4AC4FAB6-4848-4649-8AC8-30F952E839D0}.Release|x64.ActiveCfg = Release|Win32
		{5BBD8B72-83F5-4F33-A6E4-868C67D0C436}.Debug|Any CPU.ActiveCfg = Debug|Win32
		{5BBD8B72-83F5-4F33-A6E4-868C67D0C436}.Debug|Mixed Platforms.ActiveCfg = Debug|x64
		{5BBD8B72-83F5-4F33-A6E4-868C67D0C436}.Debug|Mixed Platforms.Build.0 = Debug|x64
		{5BBD8B72-83F5-4F33-A6E4-868C67D0C436}.Debug|Win32.ActiveCfg = Debug|Win32
		{5BBD8B72-83F5-4F33-A6E4-868C67D0C436}.Debug|Win32.Build.0 = Debug|Win32
		{5BBD8B72-83F5-4F33-A6E4-868C67D0C436}.Debug|x64.ActiveCfg = Debug|x64
		{5BBD8B72-83F5-4F33-A6E4-868C67D0C436}.Debug|x64.Build.0 = Debug|x64
		{5BBD8B72-83F5-4F33-A6E4-868C67D0C436}.Release|Any CPU.ActiveCfg = Release|Win32
		{5BBD8B72-83F5-4F33-A6E4-868C67D0C436}.Release|Mixed Platforms.ActiveCfg = Release|x64
		{5BBD8B72-83F5-4F33-A6E4-868C67D0C436}.Release|Mixed Platforms.Build.0 = Release|x64
		{5BBD8B72-83F5-4F33-A6E4-868C67D0C436}.Release|Win32.ActiveCfg = Release|Win32
		{5BBD8B72-83F5-4F33-A6E4-868C67D0C436}.Release|Win32.Build.0 = Release|Win32
		{5BBD8B72-83F5-4F33-A6E4-868C67D0C436}.Release|x64.ActiveCfg = Release|x64
		{5BBD8B72-83F5-4F33-A6E4-868C67D0C436}.Release|x64.Build.0 = Release|x64
		{934B40C7-F40A-4E4C-97A7-B9659BE0A441}.Debug|Any CPU.ActiveCfg = Debug|Win32
		{934B40C7-F40A-4E4C-97A7-B9659BE0A441}.Debug|Mixed Platforms.ActiveCfg = Debug|Win32
		{934B40C7-F40A-4E4C-97A7-B9659BE0A441}.Debug|Mixed Platforms.Build.0 = Debug|Win32
		{934B40C7-F40A-4E4C-97A7-B9659BE0A441}.Debug|Win32.ActiveCfg = Debug|Win32
		{934B40C7-F40A-4E4C-97A7-B9659BE0A441}.Debug|Win32.Build.0 = Debug|Win32
		{934B40C7-F40A-4E4C-97A7-B9659BE0A441}.Debug|x64.ActiveCfg = Debug|x64
		{934B40C7-F40A-4E4C-97A7-B9659BE0A441}.Debug|x64.Build.0 = Debug|x64
		{934B40C7-F40A-4E4C-97A7-B9659BE0A441}.Release|Any CPU.ActiveCfg = Release|Win32
		{934B40C7-F40A-4E4C-97A7-B9659BE0A441}.Release|Mixed Platforms.ActiveCfg = Release|Win32
		{934B40C7-F40A-4E4C-97A7-B9659BE0A441}.Release|Mixed Platforms.Build.0 = Release|Win32
		{934B40C7-F40A-4E4C-97A7-B9659BE0A441}.Release|Win32.ActiveCfg = Release|Win32
		{934B40C7-F40A-4E4C-97A7-B9659BE0A441}.Release|Win32.Build.0 = Release|Win32
		{934B40C7-F40A-4E4C-97A7-B9659BE0A441}.Release|x64.ActiveCfg = Release|x64
		{934B40C7-F40A-4E4C-97A7-B9659BE0A441}.Release|x64.Build.0 = Release|x64
		{B0679E04-AE88-4509-8FAF-14F4C773EF87}.Debug|Any CPU.ActiveCfg = Debug|Win32
		{B0679E04-AE88-4509-8FAF-14F4C773EF87}.Debug|Mixed Platforms.ActiveCfg = Debug|x64
		{B0679E04-AE88-4509-8FAF-14F4C773EF87}.Debug|Mixed Platforms.Build.0 = Debug|x64
		{B0679E04-AE88-4509-8FAF-14F4C773EF87}.Debug|Win32.ActiveCfg = Debug|Win32
		{B0679E04-AE88-4509-8FAF-14F4C773EF87}.Debug|Win32.Build.0 = Debug|Win32
		{B0679E04-AE88-4509-8FAF-14F4C773EF87}.Debug|x64.ActiveCfg = Debug|x64
		{B0679E04-AE88-4509-8FAF-14F4C773EF87}.Debug|x64.Build.0 = Debug|x64
		{B0679E04-AE88-4509-8FAF-14F4C773EF87}.Release|Any CPU.ActiveCfg = Release|Win32
		{B0679E04-AE88-4509-8FAF-14F4C773EF87}.Release|Mixed Platforms.ActiveCfg = Release|x64
		{B0679E04-AE88-4509-8FAF-14F4C773EF87}.Release|Mixed Platforms.Build.0 = Release|x64
		{B0679E04-AE88-4509-8FAF-14F4C773EF87}.Release|Win32.ActiveCfg = Release|Win32
		{B0679E04-AE88-4509-8FAF-14F4C773EF87}.Release|Win32.Build.0 = Release|Win32
		{B0679E04-AE88-4509-8FAF-14F4C773EF87}.Release|x64.ActiveCfg = Release|x64
		{B0679E04-AE88-4509-8FAF-14F4C773EF87}.Release|x64.Build.0 = Release|x64
		{C744B0C9-D3D7-482E-B75F-15479A24EC16}.Debug|Any CPU.ActiveCfg = Debug|Any CPU
		{C744B0C9-D3D7-482E-B75F-15479A24EC16}.Debug|Any CPU.Build.0 = Debug|Any CPU
		{C744B0C9-D3D7-482E-B75F-15479A24EC16}.Debug|Mixed Platforms.ActiveCfg = Debug|Any CPU
		{C744B0C9-D3D7-482E-B75F-15479A24EC16}.Debug|Mixed Platforms.Build.0 = Debug|Any CPU
		{C744B0C9-D3D7-482E-B75F-15479A24EC16}.Debug|Win32.ActiveCfg = Debug|Any CPU
		{C744B0C9-D3D7-482E-B75F-15479A24EC16}.Debug|x64.ActiveCfg = Debug|Any CPU
		{C744B0C9-D3D7-482E-B75F-15479A24EC16}.Release|Any CPU.ActiveCfg = Release|Any CPU
		{C744B0C9-D3D7-482E-B75F-15479A24EC16}.Release|Any CPU.Build.0 = Release|Any CPU
		{C744B0C9-D3D7-482E-B75F-15479A24EC16}.Release|Mixed Platforms.ActiveCfg = Release|Any CPU
		{C744B0C9-D3D7-482E-B75F-15479A24EC16}.Release|Mixed Platforms.Build.0 = Release|Any CPU
		{C744B0C9-D3D7-482E-B75F-15479A24EC16}.Release|Win32.ActiveCfg = Release|Any CPU
		{C744B0C9-D3D7-482E-B75F-15479A24EC16}.Release|x64.ActiveCfg = Release|Any CPU
		{5E2E5B01-0B84-48E6-915E-F3D9EC5AD75D}.Debug|Any CPU.ActiveCfg = Debug|Any CPU
		{5E2E5B01-0B84-48E6-915E-F3D9EC5AD75D}.Debug|Any CPU.Build.0 = Debug|Any CPU
		{5E2E5B01-0B84-48E6-915E-F3D9EC5AD75D}.Debug|Mixed Platforms.ActiveCfg = Debug|Any CPU
		{5E2E5B01-0B84-48E6-915E-F3D9EC5AD75D}.Debug|Mixed Platforms.Build.0 = Debug|Any CPU
		{5E2E5B01-0B84-48E6-915E-F3D9EC5AD75D}.Debug|Win32.ActiveCfg = Debug|Any CPU
		{5E2E5B01-0B84-48E6-915E-F3D9EC5AD75D}.Debug|x64.ActiveCfg = Debug|Any CPU
		{5E2E5B01-0B84-48E6-915E-F3D9EC5AD75D}.Release|Any CPU.ActiveCfg = Release|Any CPU
		{5E2E5B01-0B84-48E6-915E-F3D9EC5AD75D}.Release|Any CPU.Build.0 = Release|Any CPU
		{5E2E5B01-0B84-48E6-915E-F3D9EC5AD75D}.Release|Mixed Platforms.ActiveCfg = Release|Any CPU
		{5E2E5B01-0B84-48E6-915E-F3D9EC5AD75D}.Release|Mixed Platforms.Build.0 = Release|Any CPU
		{5E2E5B01-0B84-48E6-915E-F3D9EC5AD75D}.Release|Win32.ActiveCfg = Release|Any CPU
		{5E2E5B01-0B84-48E6-915E-F3D9EC5AD75D}.Release|x64.ActiveCfg = Release|Any CPU
		{4EAA2211-108C-4021-AB6E-D7031C733DBE}.Debug|Any CPU.ActiveCfg = Debug|Any CPU
		{4EAA2211-108C-4021-AB6E-D7031C733DBE}.Debug|Any CPU.Build.0 = Debug|Any CPU
		{4EAA2211-108C-4021-AB6E-D7031C733DBE}.Debug|Mixed Platforms.ActiveCfg = Debug|Any CPU
		{4EAA2211-108C-4021-AB6E-D7031C733DBE}.Debug|Mixed Platforms.Build.0 = Debug|Any CPU
		{4EAA2211-108C-4021-AB6E-D7031C733DBE}.Debug|Win32.ActiveCfg = Debug|Any CPU
		{4EAA2211-108C-4021-AB6E-D7031C733DBE}.Debug|x64.ActiveCfg = Debug|Any CPU
		{4EAA2211-108C-4021-AB6E-D7031C733DBE}.Release|Any CPU.ActiveCfg = Release|Any CPU
		{4EAA2211-108C-4021-AB6E-D7031C733DBE}.Release|Any CPU.Build.0 = Release|Any CPU
		{4EAA2211-108C-4021-AB6E-D7031C733DBE}.Release|Mixed Platforms.ActiveCfg = Release|Any CPU
		{4EAA2211-108C-4021-AB6E-D7031C733DBE}.Release|Mixed Platforms.Build.0 = Release|Any CPU
		{4EAA2211-108C-4021-AB6E-D7031C733DBE}.Release|Win32.ActiveCfg = Release|Any CPU
		{4EAA2211-108C-4021-AB6E-D7031C733DBE}.Release|x64.ActiveCfg = Release|Any CPU
		{1D49FA85-A793-4CAE-8897-3DE53D48C1BC}.Debug|Any CPU.ActiveCfg = Debug|Any CPU
		{1D49FA85-A793-4CAE-8897-3DE53D48C1BC}.Debug|Any CPU.Build.0 = Debug|Any CPU
		{1D49FA85-A793-4CAE-8897-3DE53D48C1BC}.Debug|Mixed Platforms.ActiveCfg = Debug|Any CPU
		{1D49FA85-A793-4CAE-8897-3DE53D48C1BC}.Debug|Mixed Platforms.Build.0 = Debug|Any CPU
		{1D49FA85-A793-4CAE-8897-3DE53D48C1BC}.Debug|Win32.ActiveCfg = Debug|Any CPU
		{1D49FA85-A793-4CAE-8897-3DE53D48C1BC}.Debug|x64.ActiveCfg = Debug|Any CPU
		{1D49FA85-A793-4CAE-8897-3DE53D48C1BC}.Release|Any CPU.ActiveCfg = Release|Any CPU
		{1D49FA85-A793-4CAE-8897-3DE53D48C1BC}.Release|Any CPU.Build.0 = Release|Any CPU
		{1D49FA85-A793-4CAE-8897-3DE53D48C1BC}.Release|Mixed Platforms.ActiveCfg = Release|Any CPU
		{1D49FA85-A793-4CAE-8897-3DE53D48C1BC}.Release|Mixed Platforms.Build.0 = Release|Any CPU
		{1D49FA85-A793-4CAE-8897-3DE53D48C1BC}.Release|Win32.ActiveCfg = Release|Any CPU
		{1D49FA85-A793-4CAE-8897-3DE53D48C1BC}.Release|x64.ActiveCfg = Release|Any CPU
	EndGlobalSection
	GlobalSection(SolutionProperties) = preSolution
		HideSolutionNode = FALSE
	EndGlobalSection
	GlobalSection(NestedProjects) = preSolution
		{5BBD8B72-83F5-4F33-A6E4-868C67D0C436} = {A74A6EF8-C5DD-477D-91AC-1A07AAB13D9E}
		{4AC4FAB6-4848-4649-8AC8-30F952E839D0} = {A74A6EF8-C5DD-477D-91AC-1A07AAB13D9E}
		{934B40C7-F40A-4E4C-97A7-B9659BE0A441} = {9D974AAC-7D1A-4FB4-8408-F594A3F4118B}
		{B0679E04-AE88-4509-8FAF-14F4C773EF87} = {9D974AAC-7D1A-4FB4-8408-F594A3F4118B}
		{C744B0C9-D3D7-482E-B75F-15479A24EC16} = {A88333AB-F3A1-4634-BB07-C371B2C622B7}
		{5E2E5B01-0B84-48E6-915E-F3D9EC5AD75D} = {A88333AB-F3A1-4634-BB07-C371B2C622B7}
	EndGlobalSection
EndGlobal
